
Microsoft Visual Studio Solution File, Format Version 12.00
# Visual Studio Version 16
VisualStudioVersion = 16.0.29806.167
MinimumVisualStudioVersion = 10.0.40219.1
Project("{9A19103F-16F7-4668-BE54-9A1E7A4F7556}") = "API", "API.csproj", "{AFFF7946-FF7C-4091-B766-AD54BC35F75C}"
EndProject
Project("{FAE04EC0-301F-11D3-BF4B-00C04F79EFBC}") = "Core", "..\Core\Core.csproj", "{96480EA5-CD2E-45DD-AD5B-3C110CD669F0}"
EndProject
Project("{FAE04EC0-301F-11D3-BF4B-00C04F79EFBC}") = "Infrastructure", "..\Infrastructure\Infrastructure.csproj", "{C6EDCFC4-38E2-4844-935A-E91C72F0699B}"
EndProject
Global
	GlobalSection(SolutionConfigurationPlatforms) = preSolution
		Debug|Any CPU = Debug|Any CPU
		Release|Any CPU = Release|Any CPU
	EndGlobalSection
	GlobalSection(ProjectConfigurationPlatforms) = postSolution
		{AFFF7946-FF7C-4091-B766-AD54BC35F75C}.Debug|Any CPU.ActiveCfg = Debug|Any CPU
		{AFFF7946-FF7C-4091-B766-AD54BC35F75C}.Debug|Any CPU.Build.0 = Debug|Any CPU
		{AFFF7946-FF7C-4091-B766-AD54BC35F75C}.Release|Any CPU.ActiveCfg = Release|Any CPU
		{AFFF7946-FF7C-4091-B766-AD54BC35F75C}.Release|Any CPU.Build.0 = Release|Any CPU
		{96480EA5-CD2E-45DD-AD5B-3C110CD669F0}.Debug|Any CPU.ActiveCfg = Debug|Any CPU
		{96480EA5-CD2E-45DD-AD5B-3C110CD669F0}.Debug|Any CPU.Build.0 = Debug|Any CPU
		{96480EA5-CD2E-45DD-AD5B-3C110CD669F0}.Release|Any CPU.ActiveCfg = Release|Any CPU
		{96480EA5-CD2E-45DD-AD5B-3C110CD669F0}.Release|Any CPU.Build.0 = Release|Any CPU
		{C6EDCFC4-38E2-4844-935A-E91C72F0699B}.Debug|Any CPU.ActiveCfg = Debug|Any CPU
		{C6EDCFC4-38E2-4844-935A-E91C72F0699B}.Debug|Any CPU.Build.0 = Debug|Any CPU
		{C6EDCFC4-38E2-4844-935A-E91C72F0699B}.Release|Any CPU.ActiveCfg = Release|Any CPU
		{C6EDCFC4-38E2-4844-935A-E91C72F0699B}.Release|Any CPU.Build.0 = Release|Any CPU
	EndGlobalSection
	GlobalSection(SolutionProperties) = preSolution
		HideSolutionNode = FALSE
	EndGlobalSection
	GlobalSection(ExtensibilityGlobals) = postSolution
		SolutionGuid = {44BCDECF-65A9-4E7F-8BC2-E2DD9E62C271}
	EndGlobalSection
EndGlobal
